<?xml version="1.0" encoding="utf-8"?>
<Project ToolsVersion="4.0" xmlns="http://schemas.microsoft.com/developer/msbuild/2003">
  <ItemGroup>
    <Filter Include="main">
      <UniqueIdentifier>{4FC737F1-C7A5-4376-A066-2A32D752A2FF}</UniqueIdentifier>
      <Extensions>cpp;c;cc;cxx;c++;cppm;ixx;def;odl;idl;hpj;bat;asm;asmx</Extensions>
    </Filter>
    <Filter Include="game">
      <UniqueIdentifier>{daadffe8-ec3a-4e19-83ea-9479d00e45cb}</UniqueIdentifier>
    </Filter>
    <Filter Include="objects .h">
      <UniqueIdentifier>{60134f20-94bb-499c-ad8f-c74d7ee8babe}</UniqueIdentifier>
    </Filter>
    <Filter Include="objects .cpp">
      <UniqueIdentifier>{07ccdb5b-fd73-41c5-9bc4-7dad7763c8c4}</UniqueIdentifier>
    </Filter>
    <Filter Include="screens .h">
      <UniqueIdentifier>{23746b6c-f1fb-4f77-8403-47f188709e68}</UniqueIdentifier>
    </Filter>
    <Filter Include="screens .cpp">
      <UniqueIdentifier>{3d043a9c-1479-4067-ae13-97fe2256055b}</UniqueIdentifier>
    </Filter>
    <Filter Include="settings">
      <UniqueIdentifier>{3bd0c68f-360c-4be2-bb7f-4091495ae54e}</UniqueIdentifier>
    </Filter>
  </ItemGroup>
  <ItemGroup>
    <ClCompile Include="src\main.cpp">
      <Filter>main</Filter>
    </ClCompile>
    <ClCompile Include="src\game.cpp">
      <Filter>game</Filter>
    </ClCompile>
    <ClCompile Include="src\gameplay.cpp">
      <Filter>screens .cpp</Filter>
    </ClCompile>
    <ClCompile Include="src\player.cpp">
      <Filter>main</Filter>
    </ClCompile>
  </ItemGroup>
  <ItemGroup>
    <ClInclude Include="src\game.h">
      <Filter>game</Filter>
    </ClInclude>
    <ClInclude Include="src\consts.h">
      <Filter>settings</Filter>
    </ClInclude>
    <ClInclude Include="src\screens.h">
      <Filter>settings</Filter>
    </ClInclude>
    <ClInclude Include="src\gameplay.h">
      <Filter>screens .h</Filter>
    </ClInclude>
    <ClInclude Include="src\player.h" />
  </ItemGroup>
</Project>